
Microsoft Visual Studio Solution File, Format Version 12.00
# Visual Studio Version 16
VisualStudioVersion = 16.0.29709.97
MinimumVisualStudioVersion = 10.0.40219.1
Project("{9A19103F-16F7-4668-BE54-9A1E7A4F7556}") = "StepShop.IdentityApi", "StepShop.IdentityApi\StepShop.IdentityApi.csproj", "{659D42D0-D9B0-4C20-A5D3-5361E887B1FE}"
EndProject
Project("{9A19103F-16F7-4668-BE54-9A1E7A4F7556}") = "StepShop.Shared", "StepShop.Shared\StepShop.Shared.csproj", "{F28D21ED-AB70-435B-A194-2F652B95E16B}"
EndProject
Project("{9A19103F-16F7-4668-BE54-9A1E7A4F7556}") = "StepShop.CatalogApi", "StepShop.CatalogApi\StepShop.CatalogApi.csproj", "{FEA6637C-2E6F-4565-BA9C-E0B39F40BE71}"
EndProject
Project("{9A19103F-16F7-4668-BE54-9A1E7A4F7556}") = "StepShop.ApiGateway", "StepShop.ApiGateway\StepShop.ApiGateway.csproj", "{D29B2007-B1A6-4CCC-9B67-11F70DA07CC1}"
EndProject
Project("{9A19103F-16F7-4668-BE54-9A1E7A4F7556}") = "StepShop.Client", "StepShop.Client\StepShop.Client.csproj", "{FCF9BC13-F7B7-4B0D-A0F3-7C3E46CF931D}"
EndProject
Project("{9A19103F-16F7-4668-BE54-9A1E7A4F7556}") = "StepShop.CartApi", "StepShop.CartApi\StepShop.CartApi.csproj", "{86DE393A-9136-47A9-8296-EAF82FE51E96}"
EndProject
Project("{2150E333-8FDC-42A3-9474-1A3956D46DE8}") = "src", "src", "{CB133DB4-7C22-4ED7-8B52-C832D0419DB4}"
EndProject
Project("{2150E333-8FDC-42A3-9474-1A3956D46DE8}") = "test", "test", "{6028B08B-FC6E-4978-8556-EBD7159263A5}"
EndProject
Project("{2150E333-8FDC-42A3-9474-1A3956D46DE8}") = "Services", "Services", "{AFA53116-2F83-4040-BD2B-13814C5BA5A3}"
EndProject
Project("{2150E333-8FDC-42A3-9474-1A3956D46DE8}") = "Gateways", "Gateways", "{F8915A1B-E57A-47B1-BBF4-960555678B2C}"
EndProject
Project("{2150E333-8FDC-42A3-9474-1A3956D46DE8}") = "Clients", "Clients", "{C4EC64E8-BCD3-45EE-9484-7B4B9E73059A}"
EndProject
Project("{2150E333-8FDC-42A3-9474-1A3956D46DE8}") = "Shared", "Shared", "{5249BA7B-41CB-4509-8731-A186D2322C1F}"
EndProject
Project("{FAE04EC0-301F-11D3-BF4B-00C04F79EFBC}") = "StepShop.NotificationHub", "StepShop.NotificationHub\StepShop.NotificationHub.csproj", "{710A1E43-91DF-4114-9A21-04CE7248E464}"
EndProject
Global
	GlobalSection(SolutionConfigurationPlatforms) = preSolution
		Debug|Any CPU = Debug|Any CPU
		Release|Any CPU = Release|Any CPU
	EndGlobalSection
	GlobalSection(ProjectConfigurationPlatforms) = postSolution
		{659D42D0-D9B0-4C20-A5D3-5361E887B1FE}.Debug|Any CPU.ActiveCfg = Debug|Any CPU
		{659D42D0-D9B0-4C20-A5D3-5361E887B1FE}.Debug|Any CPU.Build.0 = Debug|Any CPU
		{659D42D0-D9B0-4C20-A5D3-5361E887B1FE}.Release|Any CPU.ActiveCfg = Release|Any CPU
		{659D42D0-D9B0-4C20-A5D3-5361E887B1FE}.Release|Any CPU.Build.0 = Release|Any CPU
		{F28D21ED-AB70-435B-A194-2F652B95E16B}.Debug|Any CPU.ActiveCfg = Debug|Any CPU
		{F28D21ED-AB70-435B-A194-2F652B95E16B}.Debug|Any CPU.Build.0 = Debug|Any CPU
		{F28D21ED-AB70-435B-A194-2F652B95E16B}.Release|Any CPU.ActiveCfg = Release|Any CPU
		{F28D21ED-AB70-435B-A194-2F652B95E16B}.Release|Any CPU.Build.0 = Release|Any CPU
		{FEA6637C-2E6F-4565-BA9C-E0B39F40BE71}.Debug|Any CPU.ActiveCfg = Debug|Any CPU
		{FEA6637C-2E6F-4565-BA9C-E0B39F40BE71}.Debug|Any CPU.Build.0 = Debug|Any CPU
		{FEA6637C-2E6F-4565-BA9C-E0B39F40BE71}.Release|Any CPU.ActiveCfg = Release|Any CPU
		{FEA6637C-2E6F-4565-BA9C-E0B39F40BE71}.Release|Any CPU.Build.0 = Release|Any CPU
		{D29B2007-B1A6-4CCC-9B67-11F70DA07CC1}.Debug|Any CPU.ActiveCfg = Debug|Any CPU
		{D29B2007-B1A6-4CCC-9B67-11F70DA07CC1}.Debug|Any CPU.Build.0 = Debug|Any CPU
		{D29B2007-B1A6-4CCC-9B67-11F70DA07CC1}.Release|Any CPU.ActiveCfg = Release|Any CPU
		{D29B2007-B1A6-4CCC-9B67-11F70DA07CC1}.Release|Any CPU.Build.0 = Release|Any CPU
		{FCF9BC13-F7B7-4B0D-A0F3-7C3E46CF931D}.Debug|Any CPU.ActiveCfg = Debug|Any CPU
		{FCF9BC13-F7B7-4B0D-A0F3-7C3E46CF931D}.Debug|Any CPU.Build.0 = Debug|Any CPU
		{FCF9BC13-F7B7-4B0D-A0F3-7C3E46CF931D}.Release|Any CPU.ActiveCfg = Release|Any CPU
		{FCF9BC13-F7B7-4B0D-A0F3-7C3E46CF931D}.Release|Any CPU.Build.0 = Release|Any CPU
		{86DE393A-9136-47A9-8296-EAF82FE51E96}.Debug|Any CPU.ActiveCfg = Debug|Any CPU
		{86DE393A-9136-47A9-8296-EAF82FE51E96}.Debug|Any CPU.Build.0 = Debug|Any CPU
		{86DE393A-9136-47A9-8296-EAF82FE51E96}.Release|Any CPU.ActiveCfg = Release|Any CPU
		{86DE393A-9136-47A9-8296-EAF82FE51E96}.Release|Any CPU.Build.0 = Release|Any CPU
		{710A1E43-91DF-4114-9A21-04CE7248E464}.Debug|Any CPU.ActiveCfg = Debug|Any CPU
		{710A1E43-91DF-4114-9A21-04CE7248E464}.Debug|Any CPU.Build.0 = Debug|Any CPU
		{710A1E43-91DF-4114-9A21-04CE7248E464}.Release|Any CPU.ActiveCfg = Release|Any CPU
		{710A1E43-91DF-4114-9A21-04CE7248E464}.Release|Any CPU.Build.0 = Release|Any CPU
	EndGlobalSection
	GlobalSection(SolutionProperties) = preSolution
		HideSolutionNode = FALSE
	EndGlobalSection
	GlobalSection(NestedProjects) = preSolution
		{659D42D0-D9B0-4C20-A5D3-5361E887B1FE} = {AFA53116-2F83-4040-BD2B-13814C5BA5A3}
		{F28D21ED-AB70-435B-A194-2F652B95E16B} = {5249BA7B-41CB-4509-8731-A186D2322C1F}
		{FEA6637C-2E6F-4565-BA9C-E0B39F40BE71} = {AFA53116-2F83-4040-BD2B-13814C5BA5A3}
		{D29B2007-B1A6-4CCC-9B67-11F70DA07CC1} = {F8915A1B-E57A-47B1-BBF4-960555678B2C}
		{FCF9BC13-F7B7-4B0D-A0F3-7C3E46CF931D} = {C4EC64E8-BCD3-45EE-9484-7B4B9E73059A}
		{86DE393A-9136-47A9-8296-EAF82FE51E96} = {AFA53116-2F83-4040-BD2B-13814C5BA5A3}
		{AFA53116-2F83-4040-BD2B-13814C5BA5A3} = {CB133DB4-7C22-4ED7-8B52-C832D0419DB4}
		{F8915A1B-E57A-47B1-BBF4-960555678B2C} = {CB133DB4-7C22-4ED7-8B52-C832D0419DB4}
		{C4EC64E8-BCD3-45EE-9484-7B4B9E73059A} = {CB133DB4-7C22-4ED7-8B52-C832D0419DB4}
		{5249BA7B-41CB-4509-8731-A186D2322C1F} = {CB133DB4-7C22-4ED7-8B52-C832D0419DB4}
		{710A1E43-91DF-4114-9A21-04CE7248E464} = {AFA53116-2F83-4040-BD2B-13814C5BA5A3}
	EndGlobalSection
	GlobalSection(ExtensibilityGlobals) = postSolution
		SolutionGuid = {8AFF1AAB-4613-4467-8451-928BA4E347E5}
	EndGlobalSection
EndGlobal
